
Microsoft Visual Studio Solution File, Format Version 12.00
# Visual Studio Version 17
VisualStudioVersion = 17.2.32630.192
MinimumVisualStudioVersion = 10.0.40219.1
Project("{FAE04EC0-301F-11D3-BF4B-00C04F79EFBC}") = "FilePopup", "FilePopup\FilePopup.csproj", "{8793F386-687F-485F-B7F2-203681020F93}"
EndProject
Global
	GlobalSection(SolutionConfigurationPlatforms) = preSolution
		Debug|Any CPU = Debug|Any CPU
		Release|Any CPU = Release|Any CPU
	EndGlobalSection
	GlobalSection(ProjectConfigurationPlatforms) = postSolution
		{8793F386-687F-485F-B7F2-203681020F93}.Debug|Any CPU.ActiveCfg = Debug|Any CPU
		{8793F386-687F-485F-B7F2-203681020F93}.Debug|Any CPU.Build.0 = Debug|Any CPU
		{8793F386-687F-485F-B7F2-203681020F93}.Release|Any CPU.ActiveCfg = Release|Any CPU
		{8793F386-687F-485F-B7F2-203681020F93}.Release|Any CPU.Build.0 = Release|Any CPU
	EndGlobalSection
	GlobalSection(SolutionProperties) = preSolution
		HideSolutionNode = FALSE
	EndGlobalSection
	GlobalSection(ExtensibilityGlobals) = postSolution
		SolutionGuid = {6DE439CD-C54F-49F9-83F8-D84BE730942E}
	EndGlobalSection
EndGlobal
